{
  "nodes": {
    "llakaLib": {
      "inputs": {
        "nixpkgs": [
          "nixpkgs"
        ]
      },
      "locked": {
        "lastModified": 1738025451,
        "narHash": "sha256-6QC1cFv/l5+Fk3OpTQmhCZjr7KBBXFC0OVaWtwkSG7k=",
        "owner": "llakala",
        "repo": "llakaLib",
        "rev": "5e74156e2b84bf2f8cafe3c9e9884ddeedb968c3",
        "type": "github"
      },
      "original": {
        "owner": "llakala",
        "repo": "llakaLib",
        "type": "github"
      }
    },
    "nixpkgs": {
      "locked": {
        "lastModified": 1738142207,
        "narHash": "sha256-NGqpVVxNAHwIicXpgaVqJEJWeyqzoQJ9oc8lnK9+WC4=",
        "owner": "NixOS",
        "repo": "nixpkgs",
        "rev": "9d3ae807ebd2981d593cddd0080856873139aa40",
        "type": "github"
      },
      "original": {
        "owner": "NixOS",
        "ref": "nixos-unstable",
        "repo": "nixpkgs",
        "type": "github"
      }
    },
    "root": {
      "inputs": {
        "llakaLib": "llakaLib",
        "nixpkgs": "nixpkgs"
      }
    }
  },
  "root": "root",
  "version": 7
}
