{
  "nodes": {
    "llakaLib": {
      "inputs": {
        "nixpkgs": [
          "nixpkgs"
        ]
      },
      "locked": {
        "lastModified": 1737148889,
        "narHash": "sha256-SUnLkoQ/fy/7srf/DDCub+zasoDk3OVSZ6M/HgqYUG0=",
        "owner": "llakala",
        "repo": "llakaLib",
        "rev": "e08a482e09d955276a7835b91c2eaa312f45a25b",
        "type": "github"
      },
      "original": {
        "owner": "llakala",
        "repo": "llakaLib",
        "type": "github"
      }
    },
    "nixpkgs": {
      "locked": {
        "lastModified": 1736916166,
        "narHash": "sha256-puPDoVKxkuNmYIGMpMQiK8bEjaACcCksolsG36gdaNQ=",
        "path": "/nix/store/awsvw44jla0idziiks2zwgzslfd2dczn-source",
        "rev": "e24b4c09e963677b1beea49d411cd315a024ad3a",
        "type": "path"
      },
      "original": {
        "id": "nixpkgs",
        "type": "indirect"
      }
    },
    "root": {
      "inputs": {
        "llakaLib": "llakaLib",
        "nixpkgs": "nixpkgs"
      }
    }
  },
  "root": "root",
  "version": 7
}
