{
  "nodes": {
    "myLib": {
      "inputs": {
        "nixpkgs": [
          "nixpkgs"
        ]
      },
      "locked": {
        "lastModified": 1737049756,
        "narHash": "sha256-roRyExEz3/e6n9y6evWdj4rLgiP/Rt/1Rdp0UudFdbw=",
        "owner": "llakala",
        "repo": "llakaLib",
        "rev": "71bdddc2528092f8c4db2b285253d0cadae0b30d",
        "type": "github"
      },
      "original": {
        "owner": "llakala",
        "repo": "llakaLib",
        "type": "github"
      }
    },
    "nixpkgs": {
      "locked": {
        "lastModified": 1733550349,
        "narHash": "sha256-NcGumB4Lr6KSDq+nIqXtNA8QwAQKDSZT7N9OTGWbTrs=",
        "path": "/nix/store/sqmn1ky3k66661h32djyjvsr8l99330z-source",
        "rev": "e2605d0744c2417b09f8bf850dfca42fcf537d34",
        "type": "path"
      },
      "original": {
        "id": "nixpkgs",
        "type": "indirect"
      }
    },
    "root": {
      "inputs": {
        "myLib": "myLib",
        "nixpkgs": "nixpkgs"
      }
    }
  },
  "root": "root",
  "version": 7
}
